
Microsoft Visual Studio Solution File, Format Version 12.00
# Visual Studio Version 17
VisualStudioVersion = 17.0.31903.59
MinimumVisualStudioVersion = 10.0.40219.1
Project("{FAE04EC0-301F-11D3-BF4B-00C04F79EFBC}") = "ReStore.API", "ReStore.API\ReStore.API.csproj", "{E4321AF2-9B8C-4D39-BE5F-E23DDBEF8AE1}"
EndProject
Project("{FAE04EC0-301F-11D3-BF4B-00C04F79EFBC}") = "ReStore.Domain", "ReStore.Domain\ReStore.Domain.csproj", "{AAC4D3E3-5F94-4EE0-8EE2-15A37ECB2617}"
EndProject
Project("{FAE04EC0-301F-11D3-BF4B-00C04F79EFBC}") = "ReStore.Infra.Data", "ReStore.Infra.Data\ReStore.Infra.Data.csproj", "{92A31DA3-B2E8-4E47-857E-BB01CDAC7686}"
EndProject
Project("{FAE04EC0-301F-11D3-BF4B-00C04F79EFBC}") = "ReStore.Infra.IoC", "ReStore.Infra.IoC\ReStore.Infra.IoC.csproj", "{F843D7F6-F770-4557-A3FE-B9E8B67B0B8F}"
EndProject
Project("{FAE04EC0-301F-11D3-BF4B-00C04F79EFBC}") = "ReStore.Application", "ReStore.Application\ReStore.Application.csproj", "{521663E0-A150-46AE-B912-65CF19E74175}"
EndProject
Global
	GlobalSection(SolutionConfigurationPlatforms) = preSolution
		Debug|Any CPU = Debug|Any CPU
		Release|Any CPU = Release|Any CPU
	EndGlobalSection
	GlobalSection(ProjectConfigurationPlatforms) = postSolution
		{E4321AF2-9B8C-4D39-BE5F-E23DDBEF8AE1}.Debug|Any CPU.ActiveCfg = Debug|Any CPU
		{E4321AF2-9B8C-4D39-BE5F-E23DDBEF8AE1}.Debug|Any CPU.Build.0 = Debug|Any CPU
		{E4321AF2-9B8C-4D39-BE5F-E23DDBEF8AE1}.Release|Any CPU.ActiveCfg = Release|Any CPU
		{E4321AF2-9B8C-4D39-BE5F-E23DDBEF8AE1}.Release|Any CPU.Build.0 = Release|Any CPU
		{AAC4D3E3-5F94-4EE0-8EE2-15A37ECB2617}.Debug|Any CPU.ActiveCfg = Debug|Any CPU
		{AAC4D3E3-5F94-4EE0-8EE2-15A37ECB2617}.Debug|Any CPU.Build.0 = Debug|Any CPU
		{AAC4D3E3-5F94-4EE0-8EE2-15A37ECB2617}.Release|Any CPU.ActiveCfg = Release|Any CPU
		{AAC4D3E3-5F94-4EE0-8EE2-15A37ECB2617}.Release|Any CPU.Build.0 = Release|Any CPU
		{92A31DA3-B2E8-4E47-857E-BB01CDAC7686}.Debug|Any CPU.ActiveCfg = Debug|Any CPU
		{92A31DA3-B2E8-4E47-857E-BB01CDAC7686}.Debug|Any CPU.Build.0 = Debug|Any CPU
		{92A31DA3-B2E8-4E47-857E-BB01CDAC7686}.Release|Any CPU.ActiveCfg = Release|Any CPU
		{92A31DA3-B2E8-4E47-857E-BB01CDAC7686}.Release|Any CPU.Build.0 = Release|Any CPU
		{F843D7F6-F770-4557-A3FE-B9E8B67B0B8F}.Debug|Any CPU.ActiveCfg = Debug|Any CPU
		{F843D7F6-F770-4557-A3FE-B9E8B67B0B8F}.Debug|Any CPU.Build.0 = Debug|Any CPU
		{F843D7F6-F770-4557-A3FE-B9E8B67B0B8F}.Release|Any CPU.ActiveCfg = Release|Any CPU
		{F843D7F6-F770-4557-A3FE-B9E8B67B0B8F}.Release|Any CPU.Build.0 = Release|Any CPU
		{521663E0-A150-46AE-B912-65CF19E74175}.Debug|Any CPU.ActiveCfg = Debug|Any CPU
		{521663E0-A150-46AE-B912-65CF19E74175}.Debug|Any CPU.Build.0 = Debug|Any CPU
		{521663E0-A150-46AE-B912-65CF19E74175}.Release|Any CPU.ActiveCfg = Release|Any CPU
		{521663E0-A150-46AE-B912-65CF19E74175}.Release|Any CPU.Build.0 = Release|Any CPU
	EndGlobalSection
	GlobalSection(SolutionProperties) = preSolution
		HideSolutionNode = FALSE
	EndGlobalSection
	GlobalSection(ExtensibilityGlobals) = postSolution
		SolutionGuid = {AE12836F-07CA-4642-80D1-FF61E2425A42}
	EndGlobalSection
EndGlobal
